
Microsoft Visual Studio Solution File, Format Version 12.00
# Visual Studio Version 16
VisualStudioVersion = 16.0.30225.117
MinimumVisualStudioVersion = 10.0.40219.1
Project("{9A19103F-16F7-4668-BE54-9A1E7A4F7556}") = "OA.Data", "OA.Data\OA.Data.csproj", "{3E844114-10A5-4DF0-9893-137DF80A974D}"
EndProject
Project("{9A19103F-16F7-4668-BE54-9A1E7A4F7556}") = "OA.Repository", "OA.Repository\OA.Repository.csproj", "{A72D14FD-01D8-4C06-90F8-63F6131B2ED5}"
EndProject
Project("{9A19103F-16F7-4668-BE54-9A1E7A4F7556}") = "OA.Service", "OA.Service\OA.Service.csproj", "{B35D488E-CE89-4E27-82F4-59BD6795A826}"
EndProject
Project("{9A19103F-16F7-4668-BE54-9A1E7A4F7556}") = "OA.ViewModel", "OA.ViewModel\OA.ViewModel.csproj", "{9047BC22-6DE6-43D0-A0CC-BF8395713CDF}"
EndProject
Project("{FAE04EC0-301F-11D3-BF4B-00C04F79EFBC}") = "E-CommerceWebApi", "E-CommerceWebApi\E-CommerceWebApi.csproj", "{E2047ED9-1555-4FD7-8AA7-085E290CC3E7}"
EndProject
Global
	GlobalSection(SolutionConfigurationPlatforms) = preSolution
		Debug|Any CPU = Debug|Any CPU
		Release|Any CPU = Release|Any CPU
	EndGlobalSection
	GlobalSection(ProjectConfigurationPlatforms) = postSolution
		{3E844114-10A5-4DF0-9893-137DF80A974D}.Debug|Any CPU.ActiveCfg = Debug|Any CPU
		{3E844114-10A5-4DF0-9893-137DF80A974D}.Debug|Any CPU.Build.0 = Debug|Any CPU
		{3E844114-10A5-4DF0-9893-137DF80A974D}.Release|Any CPU.ActiveCfg = Release|Any CPU
		{3E844114-10A5-4DF0-9893-137DF80A974D}.Release|Any CPU.Build.0 = Release|Any CPU
		{A72D14FD-01D8-4C06-90F8-63F6131B2ED5}.Debug|Any CPU.ActiveCfg = Debug|Any CPU
		{A72D14FD-01D8-4C06-90F8-63F6131B2ED5}.Debug|Any CPU.Build.0 = Debug|Any CPU
		{A72D14FD-01D8-4C06-90F8-63F6131B2ED5}.Release|Any CPU.ActiveCfg = Release|Any CPU
		{A72D14FD-01D8-4C06-90F8-63F6131B2ED5}.Release|Any CPU.Build.0 = Release|Any CPU
		{B35D488E-CE89-4E27-82F4-59BD6795A826}.Debug|Any CPU.ActiveCfg = Debug|Any CPU
		{B35D488E-CE89-4E27-82F4-59BD6795A826}.Debug|Any CPU.Build.0 = Debug|Any CPU
		{B35D488E-CE89-4E27-82F4-59BD6795A826}.Release|Any CPU.ActiveCfg = Release|Any CPU
		{B35D488E-CE89-4E27-82F4-59BD6795A826}.Release|Any CPU.Build.0 = Release|Any CPU
		{9047BC22-6DE6-43D0-A0CC-BF8395713CDF}.Debug|Any CPU.ActiveCfg = Debug|Any CPU
		{9047BC22-6DE6-43D0-A0CC-BF8395713CDF}.Debug|Any CPU.Build.0 = Debug|Any CPU
		{9047BC22-6DE6-43D0-A0CC-BF8395713CDF}.Release|Any CPU.ActiveCfg = Release|Any CPU
		{9047BC22-6DE6-43D0-A0CC-BF8395713CDF}.Release|Any CPU.Build.0 = Release|Any CPU
		{E2047ED9-1555-4FD7-8AA7-085E290CC3E7}.Debug|Any CPU.ActiveCfg = Debug|Any CPU
		{E2047ED9-1555-4FD7-8AA7-085E290CC3E7}.Debug|Any CPU.Build.0 = Debug|Any CPU
		{E2047ED9-1555-4FD7-8AA7-085E290CC3E7}.Release|Any CPU.ActiveCfg = Release|Any CPU
		{E2047ED9-1555-4FD7-8AA7-085E290CC3E7}.Release|Any CPU.Build.0 = Release|Any CPU
	EndGlobalSection
	GlobalSection(SolutionProperties) = preSolution
		HideSolutionNode = FALSE
	EndGlobalSection
	GlobalSection(ExtensibilityGlobals) = postSolution
		SolutionGuid = {D55F398B-7B45-4ED7-B0C3-F57C96F962E9}
	EndGlobalSection
EndGlobal
